
Microsoft Visual Studio Solution File, Format Version 12.00
# Visual Studio 2013
VisualStudioVersion = 12.0.31101.0
MinimumVisualStudioVersion = 10.0.40219.1
Project("{F184B08F-C81C-45F6-A57F-5ABD9991F28F}") = "ContaExpress", "ContaExpress\ContaExpress.vbproj", "{57D46D4A-FC77-4B69-ACDA-9E82BA8D7762}"
	ProjectSection(ProjectDependencies) = postProject
		{71C17A6A-2CED-4D4E-A296-745741A74B63} = {71C17A6A-2CED-4D4E-A296-745741A74B63}
	EndProjectSection
EndProject
Project("{F184B08F-C81C-45F6-A57F-5ABD9991F28F}") = "BDConexión", "BDConexión\BDConexión.vbproj", "{BF500B7F-5141-4953-9B0C-C3B7645B4D07}"
EndProject
Project("{F184B08F-C81C-45F6-A57F-5ABD9991F28F}") = "Funciones", "Funciones\Funciones.vbproj", "{8CF5C4D8-9B71-4328-9AB1-FB49660C22F3}"
EndProject
Project("{F184B08F-C81C-45F6-A57F-5ABD9991F28F}") = "Reportes", "Reportes\Reportes.vbproj", "{64F08600-0C91-45F5-B3DA-FB5527993522}"
EndProject
Project("{F184B08F-C81C-45F6-A57F-5ABD9991F28F}") = "EnviaInformes", "EnviaInformes\EnviaInformes.vbproj", "{712FB90F-5432-4542-94CF-1EC6FD29CD9A}"
EndProject
Project("{F184B08F-C81C-45F6-A57F-5ABD9991F28F}") = "ReportesPersonalizados", "ReportesPersonalizados\ReportesPersonalizados.vbproj", "{942D6821-8DC0-46E6-A429-CDC5C9D7CDB5}"
EndProject
Project("{FAE04EC0-301F-11D3-BF4B-00C04F79EFBC}") = "TicketCS", "TicketCS\TicketCS.csproj", "{5633FB66-C87B-4969-A561-5DEFB300EECF}"
EndProject
Project("{F184B08F-C81C-45F6-A57F-5ABD9991F28F}") = "Ria_Model", "Ria_Model\Ria_Model.vbproj", "{7627D20C-C35B-40FA-AC29-881A1E30AC59}"
EndProject
Project("{F184B08F-C81C-45F6-A57F-5ABD9991F28F}") = "Ria_Controls", "Ria_Controls\Ria_Controls.vbproj", "{71C17A6A-2CED-4D4E-A296-745741A74B63}"
EndProject
Project("{F184B08F-C81C-45F6-A57F-5ABD9991F28F}") = "Ria_DataAccessLayer", "Ria_DataAccessLayer\Ria_DataAccessLayer.vbproj", "{B0B9A881-CC6A-4EA6-AAA5-E9CA383E754D}"
EndProject
Project("{54435603-DBB4-11D2-8724-00A0C9A8B90C}") = "RiaInstall", "RiaInstall\RiaInstall.vdproj", "{1B0D79D2-FF83-4C93-B677-E81F1F6F1497}"
EndProject
Global
	GlobalSection(SolutionConfigurationPlatforms) = preSolution
		CD_ROM|Any CPU = CD_ROM|Any CPU
		CD_ROM|Mixed Platforms = CD_ROM|Mixed Platforms
		CD_ROM|x86 = CD_ROM|x86
		Debug|Any CPU = Debug|Any CPU
		Debug|Mixed Platforms = Debug|Mixed Platforms
		Debug|x86 = Debug|x86
		DebugLocal|Any CPU = DebugLocal|Any CPU
		DebugLocal|Mixed Platforms = DebugLocal|Mixed Platforms
		DebugLocal|x86 = DebugLocal|x86
		DVD-5|Any CPU = DVD-5|Any CPU
		DVD-5|Mixed Platforms = DVD-5|Mixed Platforms
		DVD-5|x86 = DVD-5|x86
		Release|Any CPU = Release|Any CPU
		Release|Mixed Platforms = Release|Mixed Platforms
		Release|x86 = Release|x86
		ReleaseTrial|Any CPU = ReleaseTrial|Any CPU
		ReleaseTrial|Mixed Platforms = ReleaseTrial|Mixed Platforms
		ReleaseTrial|x86 = ReleaseTrial|x86
		SingleImage|Any CPU = SingleImage|Any CPU
		SingleImage|Mixed Platforms = SingleImage|Mixed Platforms
		SingleImage|x86 = SingleImage|x86
	EndGlobalSection
	GlobalSection(ProjectConfigurationPlatforms) = postSolution
		{57D46D4A-FC77-4B69-ACDA-9E82BA8D7762}.CD_ROM|Any CPU.ActiveCfg = Release|Any CPU
		{57D46D4A-FC77-4B69-ACDA-9E82BA8D7762}.CD_ROM|Any CPU.Build.0 = Release|Any CPU
		{57D46D4A-FC77-4B69-ACDA-9E82BA8D7762}.CD_ROM|Mixed Platforms.ActiveCfg = Release|x86
		{57D46D4A-FC77-4B69-ACDA-9E82BA8D7762}.CD_ROM|Mixed Platforms.Build.0 = Release|x86
		{57D46D4A-FC77-4B69-ACDA-9E82BA8D7762}.CD_ROM|x86.ActiveCfg = Release|x86
		{57D46D4A-FC77-4B69-ACDA-9E82BA8D7762}.CD_ROM|x86.Build.0 = Release|x86
		{57D46D4A-FC77-4B69-ACDA-9E82BA8D7762}.Debug|Any CPU.ActiveCfg = Debug|Any CPU
		{57D46D4A-FC77-4B69-ACDA-9E82BA8D7762}.Debug|Any CPU.Build.0 = Debug|Any CPU
		{57D46D4A-FC77-4B69-ACDA-9E82BA8D7762}.Debug|Mixed Platforms.ActiveCfg = Debug|Any CPU
		{57D46D4A-FC77-4B69-ACDA-9E82BA8D7762}.Debug|Mixed Platforms.Build.0 = Debug|Any CPU
		{57D46D4A-FC77-4B69-ACDA-9E82BA8D7762}.Debug|x86.ActiveCfg = Debug|x86
		{57D46D4A-FC77-4B69-ACDA-9E82BA8D7762}.Debug|x86.Build.0 = Debug|x86
		{57D46D4A-FC77-4B69-ACDA-9E82BA8D7762}.DebugLocal|Any CPU.ActiveCfg = Debug|x86
		{57D46D4A-FC77-4B69-ACDA-9E82BA8D7762}.DebugLocal|Mixed Platforms.ActiveCfg = Debug|x86
		{57D46D4A-FC77-4B69-ACDA-9E82BA8D7762}.DebugLocal|Mixed Platforms.Build.0 = Debug|x86
		{57D46D4A-FC77-4B69-ACDA-9E82BA8D7762}.DebugLocal|x86.ActiveCfg = Debug|x86
		{57D46D4A-FC77-4B69-ACDA-9E82BA8D7762}.DebugLocal|x86.Build.0 = Debug|x86
		{57D46D4A-FC77-4B69-ACDA-9E82BA8D7762}.DVD-5|Any CPU.ActiveCfg = Debug|Any CPU
		{57D46D4A-FC77-4B69-ACDA-9E82BA8D7762}.DVD-5|Any CPU.Build.0 = Debug|Any CPU
		{57D46D4A-FC77-4B69-ACDA-9E82BA8D7762}.DVD-5|Mixed Platforms.ActiveCfg = Debug|x86
		{57D46D4A-FC77-4B69-ACDA-9E82BA8D7762}.DVD-5|Mixed Platforms.Build.0 = Debug|x86
		{57D46D4A-FC77-4B69-ACDA-9E82BA8D7762}.DVD-5|x86.ActiveCfg = Debug|x86
		{57D46D4A-FC77-4B69-ACDA-9E82BA8D7762}.DVD-5|x86.Build.0 = Debug|x86
		{57D46D4A-FC77-4B69-ACDA-9E82BA8D7762}.Release|Any CPU.ActiveCfg = Release|Any CPU
		{57D46D4A-FC77-4B69-ACDA-9E82BA8D7762}.Release|Any CPU.Build.0 = Release|Any CPU
		{57D46D4A-FC77-4B69-ACDA-9E82BA8D7762}.Release|Mixed Platforms.ActiveCfg = Release|x86
		{57D46D4A-FC77-4B69-ACDA-9E82BA8D7762}.Release|Mixed Platforms.Build.0 = Release|x86
		{57D46D4A-FC77-4B69-ACDA-9E82BA8D7762}.Release|x86.ActiveCfg = Release|x86
		{57D46D4A-FC77-4B69-ACDA-9E82BA8D7762}.Release|x86.Build.0 = Release|x86
		{57D46D4A-FC77-4B69-ACDA-9E82BA8D7762}.ReleaseTrial|Any CPU.ActiveCfg = Release|Any CPU
		{57D46D4A-FC77-4B69-ACDA-9E82BA8D7762}.ReleaseTrial|Any CPU.Build.0 = Release|Any CPU
		{57D46D4A-FC77-4B69-ACDA-9E82BA8D7762}.ReleaseTrial|Mixed Platforms.ActiveCfg = Release|x86
		{57D46D4A-FC77-4B69-ACDA-9E82BA8D7762}.ReleaseTrial|Mixed Platforms.Build.0 = Release|x86
		{57D46D4A-FC77-4B69-ACDA-9E82BA8D7762}.ReleaseTrial|x86.ActiveCfg = Release|Any CPU
		{57D46D4A-FC77-4B69-ACDA-9E82BA8D7762}.ReleaseTrial|x86.Build.0 = Release|Any CPU
		{57D46D4A-FC77-4B69-ACDA-9E82BA8D7762}.SingleImage|Any CPU.ActiveCfg = Release|Any CPU
		{57D46D4A-FC77-4B69-ACDA-9E82BA8D7762}.SingleImage|Any CPU.Build.0 = Release|Any CPU
		{57D46D4A-FC77-4B69-ACDA-9E82BA8D7762}.SingleImage|Mixed Platforms.ActiveCfg = Release|x86
		{57D46D4A-FC77-4B69-ACDA-9E82BA8D7762}.SingleImage|Mixed Platforms.Build.0 = Release|x86
		{57D46D4A-FC77-4B69-ACDA-9E82BA8D7762}.SingleImage|x86.ActiveCfg = Release|x86
		{57D46D4A-FC77-4B69-ACDA-9E82BA8D7762}.SingleImage|x86.Build.0 = Release|x86
		{BF500B7F-5141-4953-9B0C-C3B7645B4D07}.CD_ROM|Any CPU.ActiveCfg = Release|Any CPU
		{BF500B7F-5141-4953-9B0C-C3B7645B4D07}.CD_ROM|Any CPU.Build.0 = Release|Any CPU
		{BF500B7F-5141-4953-9B0C-C3B7645B4D07}.CD_ROM|Mixed Platforms.ActiveCfg = Release|x86
		{BF500B7F-5141-4953-9B0C-C3B7645B4D07}.CD_ROM|Mixed Platforms.Build.0 = Release|x86
		{BF500B7F-5141-4953-9B0C-C3B7645B4D07}.CD_ROM|x86.ActiveCfg = Release|x86
		{BF500B7F-5141-4953-9B0C-C3B7645B4D07}.CD_ROM|x86.Build.0 = Release|x86
		{BF500B7F-5141-4953-9B0C-C3B7645B4D07}.Debug|Any CPU.ActiveCfg = Debug|Any CPU
		{BF500B7F-5141-4953-9B0C-C3B7645B4D07}.Debug|Any CPU.Build.0 = Debug|Any CPU
		{BF500B7F-5141-4953-9B0C-C3B7645B4D07}.Debug|Mixed Platforms.ActiveCfg = Debug|Any CPU
		{BF500B7F-5141-4953-9B0C-C3B7645B4D07}.Debug|Mixed Platforms.Build.0 = Debug|Any CPU
		{BF500B7F-5141-4953-9B0C-C3B7645B4D07}.Debug|x86.ActiveCfg = Debug|x86
		{BF500B7F-5141-4953-9B0C-C3B7645B4D07}.Debug|x86.Build.0 = Debug|x86
		{BF500B7F-5141-4953-9B0C-C3B7645B4D07}.DebugLocal|Any CPU.ActiveCfg = Debug|x86
		{BF500B7F-5141-4953-9B0C-C3B7645B4D07}.DebugLocal|Mixed Platforms.ActiveCfg = Debug|x86
		{BF500B7F-5141-4953-9B0C-C3B7645B4D07}.DebugLocal|Mixed Platforms.Build.0 = Debug|x86
		{BF500B7F-5141-4953-9B0C-C3B7645B4D07}.DebugLocal|x86.ActiveCfg = Debug|x86
		{BF500B7F-5141-4953-9B0C-C3B7645B4D07}.DebugLocal|x86.Build.0 = Debug|x86
		{BF500B7F-5141-4953-9B0C-C3B7645B4D07}.DVD-5|Any CPU.ActiveCfg = Debug|Any CPU
		{BF500B7F-5141-4953-9B0C-C3B7645B4D07}.DVD-5|Any CPU.Build.0 = Debug|Any CPU
		{BF500B7F-5141-4953-9B0C-C3B7645B4D07}.DVD-5|Mixed Platforms.ActiveCfg = Debug|x86
		{BF500B7F-5141-4953-9B0C-C3B7645B4D07}.DVD-5|Mixed Platforms.Build.0 = Debug|x86
		{BF500B7F-5141-4953-9B0C-C3B7645B4D07}.DVD-5|x86.ActiveCfg = Debug|x86
		{BF500B7F-5141-4953-9B0C-C3B7645B4D07}.DVD-5|x86.Build.0 = Debug|x86
		{BF500B7F-5141-4953-9B0C-C3B7645B4D07}.Release|Any CPU.ActiveCfg = Release|Any CPU
		{BF500B7F-5141-4953-9B0C-C3B7645B4D07}.Release|Any CPU.Build.0 = Release|Any CPU
		{BF500B7F-5141-4953-9B0C-C3B7645B4D07}.Release|Mixed Platforms.ActiveCfg = Release|x86
		{BF500B7F-5141-4953-9B0C-C3B7645B4D07}.Release|Mixed Platforms.Build.0 = Release|x86
		{BF500B7F-5141-4953-9B0C-C3B7645B4D07}.Release|x86.ActiveCfg = Release|x86
		{BF500B7F-5141-4953-9B0C-C3B7645B4D07}.Release|x86.Build.0 = Release|x86
		{BF500B7F-5141-4953-9B0C-C3B7645B4D07}.ReleaseTrial|Any CPU.ActiveCfg = Release|Any CPU
		{BF500B7F-5141-4953-9B0C-C3B7645B4D07}.ReleaseTrial|Any CPU.Build.0 = Release|Any CPU
		{BF500B7F-5141-4953-9B0C-C3B7645B4D07}.ReleaseTrial|Mixed Platforms.ActiveCfg = Release|x86
		{BF500B7F-5141-4953-9B0C-C3B7645B4D07}.ReleaseTrial|Mixed Platforms.Build.0 = Release|x86
		{BF500B7F-5141-4953-9B0C-C3B7645B4D07}.ReleaseTrial|x86.ActiveCfg = Release|Any CPU
		{BF500B7F-5141-4953-9B0C-C3B7645B4D07}.ReleaseTrial|x86.Build.0 = Release|Any CPU
		{BF500B7F-5141-4953-9B0C-C3B7645B4D07}.SingleImage|Any CPU.ActiveCfg = Release|Any CPU
		{BF500B7F-5141-4953-9B0C-C3B7645B4D07}.SingleImage|Any CPU.Build.0 = Release|Any CPU
		{BF500B7F-5141-4953-9B0C-C3B7645B4D07}.SingleImage|Mixed Platforms.ActiveCfg = Release|x86
		{BF500B7F-5141-4953-9B0C-C3B7645B4D07}.SingleImage|Mixed Platforms.Build.0 = Release|x86
		{BF500B7F-5141-4953-9B0C-C3B7645B4D07}.SingleImage|x86.ActiveCfg = Release|x86
		{BF500B7F-5141-4953-9B0C-C3B7645B4D07}.SingleImage|x86.Build.0 = Release|x86
		{8CF5C4D8-9B71-4328-9AB1-FB49660C22F3}.CD_ROM|Any CPU.ActiveCfg = Release|Any CPU
		{8CF5C4D8-9B71-4328-9AB1-FB49660C22F3}.CD_ROM|Any CPU.Build.0 = Release|Any CPU
		{8CF5C4D8-9B71-4328-9AB1-FB49660C22F3}.CD_ROM|Mixed Platforms.ActiveCfg = Release|x86
		{8CF5C4D8-9B71-4328-9AB1-FB49660C22F3}.CD_ROM|Mixed Platforms.Build.0 = Release|x86
		{8CF5C4D8-9B71-4328-9AB1-FB49660C22F3}.CD_ROM|x86.ActiveCfg = Release|x86
		{8CF5C4D8-9B71-4328-9AB1-FB49660C22F3}.CD_ROM|x86.Build.0 = Release|x86
		{8CF5C4D8-9B71-4328-9AB1-FB49660C22F3}.Debug|Any CPU.ActiveCfg = Debug|Any CPU
		{8CF5C4D8-9B71-4328-9AB1-FB49660C22F3}.Debug|Any CPU.Build.0 = Debug|Any CPU
		{8CF5C4D8-9B71-4328-9AB1-FB49660C22F3}.Debug|Mixed Platforms.ActiveCfg = Debug|Any CPU
		{8CF5C4D8-9B71-4328-9AB1-FB49660C22F3}.Debug|Mixed Platforms.Build.0 = Debug|Any CPU
		{8CF5C4D8-9B71-4328-9AB1-FB49660C22F3}.Debug|x86.ActiveCfg = Debug|x86
		{8CF5C4D8-9B71-4328-9AB1-FB49660C22F3}.Debug|x86.Build.0 = Debug|x86
		{8CF5C4D8-9B71-4328-9AB1-FB49660C22F3}.DebugLocal|Any CPU.ActiveCfg = Debug|x86
		{8CF5C4D8-9B71-4328-9AB1-FB49660C22F3}.DebugLocal|Mixed Platforms.ActiveCfg = Debug|x86
		{8CF5C4D8-9B71-4328-9AB1-FB49660C22F3}.DebugLocal|Mixed Platforms.Build.0 = Debug|x86
		{8CF5C4D8-9B71-4328-9AB1-FB49660C22F3}.DebugLocal|x86.ActiveCfg = Debug|x86
		{8CF5C4D8-9B71-4328-9AB1-FB49660C22F3}.DebugLocal|x86.Build.0 = Debug|x86
		{8CF5C4D8-9B71-4328-9AB1-FB49660C22F3}.DVD-5|Any CPU.ActiveCfg = Debug|Any CPU
		{8CF5C4D8-9B71-4328-9AB1-FB49660C22F3}.DVD-5|Any CPU.Build.0 = Debug|Any CPU
		{8CF5C4D8-9B71-4328-9AB1-FB49660C22F3}.DVD-5|Mixed Platforms.ActiveCfg = Debug|x86
		{8CF5C4D8-9B71-4328-9AB1-FB49660C22F3}.DVD-5|Mixed Platforms.Build.0 = Debug|x86
		{8CF5C4D8-9B71-4328-9AB1-FB49660C22F3}.DVD-5|x86.ActiveCfg = Debug|x86
		{8CF5C4D8-9B71-4328-9AB1-FB49660C22F3}.DVD-5|x86.Build.0 = Debug|x86
		{8CF5C4D8-9B71-4328-9AB1-FB49660C22F3}.Release|Any CPU.ActiveCfg = Release|Any CPU
		{8CF5C4D8-9B71-4328-9AB1-FB49660C22F3}.Release|Any CPU.Build.0 = Release|Any CPU
		{8CF5C4D8-9B71-4328-9AB1-FB49660C22F3}.Release|Mixed Platforms.ActiveCfg = Release|x86
		{8CF5C4D8-9B71-4328-9AB1-FB49660C22F3}.Release|Mixed Platforms.Build.0 = Release|x86
		{8CF5C4D8-9B71-4328-9AB1-FB49660C22F3}.Release|x86.ActiveCfg = Release|x86
		{8CF5C4D8-9B71-4328-9AB1-FB49660C22F3}.Release|x86.Build.0 = Release|x86
		{8CF5C4D8-9B71-4328-9AB1-FB49660C22F3}.ReleaseTrial|Any CPU.ActiveCfg = Release|Any CPU
		{8CF5C4D8-9B71-4328-9AB1-FB49660C22F3}.ReleaseTrial|Any CPU.Build.0 = Release|Any CPU
		{8CF5C4D8-9B71-4328-9AB1-FB49660C22F3}.ReleaseTrial|Mixed Platforms.ActiveCfg = Release|x86
		{8CF5C4D8-9B71-4328-9AB1-FB49660C22F3}.ReleaseTrial|Mixed Platforms.Build.0 = Release|x86
		{8CF5C4D8-9B71-4328-9AB1-FB49660C22F3}.ReleaseTrial|x86.ActiveCfg = Release|Any CPU
		{8CF5C4D8-9B71-4328-9AB1-FB49660C22F3}.ReleaseTrial|x86.Build.0 = Release|Any CPU
		{8CF5C4D8-9B71-4328-9AB1-FB49660C22F3}.SingleImage|Any CPU.ActiveCfg = Release|Any CPU
		{8CF5C4D8-9B71-4328-9AB1-FB49660C22F3}.SingleImage|Any CPU.Build.0 = Release|Any CPU
		{8CF5C4D8-9B71-4328-9AB1-FB49660C22F3}.SingleImage|Mixed Platforms.ActiveCfg = Release|x86
		{8CF5C4D8-9B71-4328-9AB1-FB49660C22F3}.SingleImage|Mixed Platforms.Build.0 = Release|x86
		{8CF5C4D8-9B71-4328-9AB1-FB49660C22F3}.SingleImage|x86.ActiveCfg = Release|x86
		{8CF5C4D8-9B71-4328-9AB1-FB49660C22F3}.SingleImage|x86.Build.0 = Release|x86
		{64F08600-0C91-45F5-B3DA-FB5527993522}.CD_ROM|Any CPU.ActiveCfg = Debug|Any CPU
		{64F08600-0C91-45F5-B3DA-FB5527993522}.CD_ROM|Any CPU.Build.0 = Debug|Any CPU
		{64F08600-0C91-45F5-B3DA-FB5527993522}.CD_ROM|Mixed Platforms.ActiveCfg = Release|x86
		{64F08600-0C91-45F5-B3DA-FB5527993522}.CD_ROM|Mixed Platforms.Build.0 = Release|x86
		{64F08600-0C91-45F5-B3DA-FB5527993522}.CD_ROM|x86.ActiveCfg = Release|x86
		{64F08600-0C91-45F5-B3DA-FB5527993522}.CD_ROM|x86.Build.0 = Release|x86
		{64F08600-0C91-45F5-B3DA-FB5527993522}.Debug|Any CPU.ActiveCfg = Debug|x86
		{64F08600-0C91-45F5-B3DA-FB5527993522}.Debug|Any CPU.Build.0 = Debug|x86
		{64F08600-0C91-45F5-B3DA-FB5527993522}.Debug|Mixed Platforms.ActiveCfg = Debug|Any CPU
		{64F08600-0C91-45F5-B3DA-FB5527993522}.Debug|Mixed Platforms.Build.0 = Debug|Any CPU
		{64F08600-0C91-45F5-B3DA-FB5527993522}.Debug|x86.ActiveCfg = Debug|x86
		{64F08600-0C91-45F5-B3DA-FB5527993522}.Debug|x86.Build.0 = Debug|x86
		{64F08600-0C91-45F5-B3DA-FB5527993522}.DebugLocal|Any CPU.ActiveCfg = Debug|x86
		{64F08600-0C91-45F5-B3DA-FB5527993522}.DebugLocal|Mixed Platforms.ActiveCfg = Debug|x86
		{64F08600-0C91-45F5-B3DA-FB5527993522}.DebugLocal|Mixed Platforms.Build.0 = Debug|x86
		{64F08600-0C91-45F5-B3DA-FB5527993522}.DebugLocal|x86.ActiveCfg = Debug|x86
		{64F08600-0C91-45F5-B3DA-FB5527993522}.DebugLocal|x86.Build.0 = Debug|x86
		{64F08600-0C91-45F5-B3DA-FB5527993522}.DVD-5|Any CPU.ActiveCfg = Debug|Any CPU
		{64F08600-0C91-45F5-B3DA-FB5527993522}.DVD-5|Any CPU.Build.0 = Debug|Any CPU
		{64F08600-0C91-45F5-B3DA-FB5527993522}.DVD-5|Mixed Platforms.ActiveCfg = Debug|x86
		{64F08600-0C91-45F5-B3DA-FB5527993522}.DVD-5|Mixed Platforms.Build.0 = Debug|x86
		{64F08600-0C91-45F5-B3DA-FB5527993522}.DVD-5|x86.ActiveCfg = Debug|x86
		{64F08600-0C91-45F5-B3DA-FB5527993522}.DVD-5|x86.Build.0 = Debug|x86
		{64F08600-0C91-45F5-B3DA-FB5527993522}.Release|Any CPU.ActiveCfg = Release|Any CPU
		{64F08600-0C91-45F5-B3DA-FB5527993522}.Release|Any CPU.Build.0 = Release|Any CPU
		{64F08600-0C91-45F5-B3DA-FB5527993522}.Release|Mixed Platforms.ActiveCfg = Release|x86
		{64F08600-0C91-45F5-B3DA-FB5527993522}.Release|Mixed Platforms.Build.0 = Release|x86
		{64F08600-0C91-45F5-B3DA-FB5527993522}.Release|x86.ActiveCfg = Release|x86
		{64F08600-0C91-45F5-B3DA-FB5527993522}.Release|x86.Build.0 = Release|x86
		{64F08600-0C91-45F5-B3DA-FB5527993522}.ReleaseTrial|Any CPU.ActiveCfg = Release|Any CPU
		{64F08600-0C91-45F5-B3DA-FB5527993522}.ReleaseTrial|Any CPU.Build.0 = Release|Any CPU
		{64F08600-0C91-45F5-B3DA-FB5527993522}.ReleaseTrial|Mixed Platforms.ActiveCfg = Release|x86
		{64F08600-0C91-45F5-B3DA-FB5527993522}.ReleaseTrial|Mixed Platforms.Build.0 = Release|x86
		{64F08600-0C91-45F5-B3DA-FB5527993522}.ReleaseTrial|x86.ActiveCfg = Release|Any CPU
		{64F08600-0C91-45F5-B3DA-FB5527993522}.ReleaseTrial|x86.Build.0 = Release|Any CPU
		{64F08600-0C91-45F5-B3DA-FB5527993522}.SingleImage|Any CPU.ActiveCfg = Debug|Any CPU
		{64F08600-0C91-45F5-B3DA-FB5527993522}.SingleImage|Any CPU.Build.0 = Debug|Any CPU
		{64F08600-0C91-45F5-B3DA-FB5527993522}.SingleImage|Mixed Platforms.ActiveCfg = Release|x86
		{64F08600-0C91-45F5-B3DA-FB5527993522}.SingleImage|Mixed Platforms.Build.0 = Release|x86
		{64F08600-0C91-45F5-B3DA-FB5527993522}.SingleImage|x86.ActiveCfg = Release|x86
		{64F08600-0C91-45F5-B3DA-FB5527993522}.SingleImage|x86.Build.0 = Release|x86
		{712FB90F-5432-4542-94CF-1EC6FD29CD9A}.CD_ROM|Any CPU.ActiveCfg = Release|Any CPU
		{712FB90F-5432-4542-94CF-1EC6FD29CD9A}.CD_ROM|Any CPU.Build.0 = Release|Any CPU
		{712FB90F-5432-4542-94CF-1EC6FD29CD9A}.CD_ROM|Mixed Platforms.ActiveCfg = Release|x86
		{712FB90F-5432-4542-94CF-1EC6FD29CD9A}.CD_ROM|Mixed Platforms.Build.0 = Release|x86
		{712FB90F-5432-4542-94CF-1EC6FD29CD9A}.CD_ROM|x86.ActiveCfg = Release|x86
		{712FB90F-5432-4542-94CF-1EC6FD29CD9A}.CD_ROM|x86.Build.0 = Release|x86
		{712FB90F-5432-4542-94CF-1EC6FD29CD9A}.Debug|Any CPU.ActiveCfg = Debug|Any CPU
		{712FB90F-5432-4542-94CF-1EC6FD29CD9A}.Debug|Any CPU.Build.0 = Debug|Any CPU
		{712FB90F-5432-4542-94CF-1EC6FD29CD9A}.Debug|Mixed Platforms.ActiveCfg = Debug|Any CPU
		{712FB90F-5432-4542-94CF-1EC6FD29CD9A}.Debug|Mixed Platforms.Build.0 = Debug|Any CPU
		{712FB90F-5432-4542-94CF-1EC6FD29CD9A}.Debug|x86.ActiveCfg = Debug|x86
		{712FB90F-5432-4542-94CF-1EC6FD29CD9A}.Debug|x86.Build.0 = Debug|x86
		{712FB90F-5432-4542-94CF-1EC6FD29CD9A}.DebugLocal|Any CPU.ActiveCfg = Debug|x86
		{712FB90F-5432-4542-94CF-1EC6FD29CD9A}.DebugLocal|Mixed Platforms.ActiveCfg = Debug|x86
		{712FB90F-5432-4542-94CF-1EC6FD29CD9A}.DebugLocal|Mixed Platforms.Build.0 = Debug|x86
		{712FB90F-5432-4542-94CF-1EC6FD29CD9A}.DebugLocal|x86.ActiveCfg = Debug|x86
		{712FB90F-5432-4542-94CF-1EC6FD29CD9A}.DebugLocal|x86.Build.0 = Debug|x86
		{712FB90F-5432-4542-94CF-1EC6FD29CD9A}.DVD-5|Any CPU.ActiveCfg = Debug|Any CPU
		{712FB90F-5432-4542-94CF-1EC6FD29CD9A}.DVD-5|Any CPU.Build.0 = Debug|Any CPU
		{712FB90F-5432-4542-94CF-1EC6FD29CD9A}.DVD-5|Mixed Platforms.ActiveCfg = Debug|x86
		{712FB90F-5432-4542-94CF-1EC6FD29CD9A}.DVD-5|Mixed Platforms.Build.0 = Debug|x86
		{712FB90F-5432-4542-94CF-1EC6FD29CD9A}.DVD-5|x86.ActiveCfg = Debug|x86
		{712FB90F-5432-4542-94CF-1EC6FD29CD9A}.DVD-5|x86.Build.0 = Debug|x86
		{712FB90F-5432-4542-94CF-1EC6FD29CD9A}.Release|Any CPU.ActiveCfg = Release|Any CPU
		{712FB90F-5432-4542-94CF-1EC6FD29CD9A}.Release|Any CPU.Build.0 = Release|Any CPU
		{712FB90F-5432-4542-94CF-1EC6FD29CD9A}.Release|Mixed Platforms.ActiveCfg = Release|x86
		{712FB90F-5432-4542-94CF-1EC6FD29CD9A}.Release|Mixed Platforms.Build.0 = Release|x86
		{712FB90F-5432-4542-94CF-1EC6FD29CD9A}.Release|x86.ActiveCfg = Release|x86
		{712FB90F-5432-4542-94CF-1EC6FD29CD9A}.Release|x86.Build.0 = Release|x86
		{712FB90F-5432-4542-94CF-1EC6FD29CD9A}.ReleaseTrial|Any CPU.ActiveCfg = Release|Any CPU
		{712FB90F-5432-4542-94CF-1EC6FD29CD9A}.ReleaseTrial|Any CPU.Build.0 = Release|Any CPU
		{712FB90F-5432-4542-94CF-1EC6FD29CD9A}.ReleaseTrial|Mixed Platforms.ActiveCfg = Release|x86
		{712FB90F-5432-4542-94CF-1EC6FD29CD9A}.ReleaseTrial|Mixed Platforms.Build.0 = Release|x86
		{712FB90F-5432-4542-94CF-1EC6FD29CD9A}.ReleaseTrial|x86.ActiveCfg = Release|Any CPU
		{712FB90F-5432-4542-94CF-1EC6FD29CD9A}.ReleaseTrial|x86.Build.0 = Release|Any CPU
		{712FB90F-5432-4542-94CF-1EC6FD29CD9A}.SingleImage|Any CPU.ActiveCfg = Release|Any CPU
		{712FB90F-5432-4542-94CF-1EC6FD29CD9A}.SingleImage|Any CPU.Build.0 = Release|Any CPU
		{712FB90F-5432-4542-94CF-1EC6FD29CD9A}.SingleImage|Mixed Platforms.ActiveCfg = Release|x86
		{712FB90F-5432-4542-94CF-1EC6FD29CD9A}.SingleImage|Mixed Platforms.Build.0 = Release|x86
		{712FB90F-5432-4542-94CF-1EC6FD29CD9A}.SingleImage|x86.ActiveCfg = Release|x86
		{712FB90F-5432-4542-94CF-1EC6FD29CD9A}.SingleImage|x86.Build.0 = Release|x86
		{942D6821-8DC0-46E6-A429-CDC5C9D7CDB5}.CD_ROM|Any CPU.ActiveCfg = Release|Any CPU
		{942D6821-8DC0-46E6-A429-CDC5C9D7CDB5}.CD_ROM|Any CPU.Build.0 = Release|Any CPU
		{942D6821-8DC0-46E6-A429-CDC5C9D7CDB5}.CD_ROM|Mixed Platforms.ActiveCfg = Release|x86
		{942D6821-8DC0-46E6-A429-CDC5C9D7CDB5}.CD_ROM|Mixed Platforms.Build.0 = Release|x86
		{942D6821-8DC0-46E6-A429-CDC5C9D7CDB5}.CD_ROM|x86.ActiveCfg = Release|x86
		{942D6821-8DC0-46E6-A429-CDC5C9D7CDB5}.CD_ROM|x86.Build.0 = Release|x86
		{942D6821-8DC0-46E6-A429-CDC5C9D7CDB5}.Debug|Any CPU.ActiveCfg = Debug|Any CPU
		{942D6821-8DC0-46E6-A429-CDC5C9D7CDB5}.Debug|Any CPU.Build.0 = Debug|Any CPU
		{942D6821-8DC0-46E6-A429-CDC5C9D7CDB5}.Debug|Mixed Platforms.ActiveCfg = Debug|Any CPU
		{942D6821-8DC0-46E6-A429-CDC5C9D7CDB5}.Debug|Mixed Platforms.Build.0 = Debug|Any CPU
		{942D6821-8DC0-46E6-A429-CDC5C9D7CDB5}.Debug|x86.ActiveCfg = Debug|x86
		{942D6821-8DC0-46E6-A429-CDC5C9D7CDB5}.Debug|x86.Build.0 = Debug|x86
		{942D6821-8DC0-46E6-A429-CDC5C9D7CDB5}.DebugLocal|Any CPU.ActiveCfg = Debug|x86
		{942D6821-8DC0-46E6-A429-CDC5C9D7CDB5}.DebugLocal|Mixed Platforms.ActiveCfg = Debug|x86
		{942D6821-8DC0-46E6-A429-CDC5C9D7CDB5}.DebugLocal|Mixed Platforms.Build.0 = Debug|x86
		{942D6821-8DC0-46E6-A429-CDC5C9D7CDB5}.DebugLocal|x86.ActiveCfg = Debug|x86
		{942D6821-8DC0-46E6-A429-CDC5C9D7CDB5}.DebugLocal|x86.Build.0 = Debug|x86
		{942D6821-8DC0-46E6-A429-CDC5C9D7CDB5}.DVD-5|Any CPU.ActiveCfg = Debug|Any CPU
		{942D6821-8DC0-46E6-A429-CDC5C9D7CDB5}.DVD-5|Any CPU.Build.0 = Debug|Any CPU
		{942D6821-8DC0-46E6-A429-CDC5C9D7CDB5}.DVD-5|Mixed Platforms.ActiveCfg = Debug|x86
		{942D6821-8DC0-46E6-A429-CDC5C9D7CDB5}.DVD-5|Mixed Platforms.Build.0 = Debug|x86
		{942D6821-8DC0-46E6-A429-CDC5C9D7CDB5}.DVD-5|x86.ActiveCfg = Debug|x86
		{942D6821-8DC0-46E6-A429-CDC5C9D7CDB5}.DVD-5|x86.Build.0 = Debug|x86
		{942D6821-8DC0-46E6-A429-CDC5C9D7CDB5}.Release|Any CPU.ActiveCfg = Release|Any CPU
		{942D6821-8DC0-46E6-A429-CDC5C9D7CDB5}.Release|Any CPU.Build.0 = Release|Any CPU
		{942D6821-8DC0-46E6-A429-CDC5C9D7CDB5}.Release|Mixed Platforms.ActiveCfg = Release|x86
		{942D6821-8DC0-46E6-A429-CDC5C9D7CDB5}.Release|Mixed Platforms.Build.0 = Release|x86
		{942D6821-8DC0-46E6-A429-CDC5C9D7CDB5}.Release|x86.ActiveCfg = Release|Any CPU
		{942D6821-8DC0-46E6-A429-CDC5C9D7CDB5}.Release|x86.Build.0 = Release|Any CPU
		{942D6821-8DC0-46E6-A429-CDC5C9D7CDB5}.ReleaseTrial|Any CPU.ActiveCfg = Release|Any CPU
		{942D6821-8DC0-46E6-A429-CDC5C9D7CDB5}.ReleaseTrial|Any CPU.Build.0 = Release|Any CPU
		{942D6821-8DC0-46E6-A429-CDC5C9D7CDB5}.ReleaseTrial|Mixed Platforms.ActiveCfg = Release|x86
		{942D6821-8DC0-46E6-A429-CDC5C9D7CDB5}.ReleaseTrial|Mixed Platforms.Build.0 = Release|x86
		{942D6821-8DC0-46E6-A429-CDC5C9D7CDB5}.ReleaseTrial|x86.ActiveCfg = Release|Any CPU
		{942D6821-8DC0-46E6-A429-CDC5C9D7CDB5}.ReleaseTrial|x86.Build.0 = Release|Any CPU
		{942D6821-8DC0-46E6-A429-CDC5C9D7CDB5}.SingleImage|Any CPU.ActiveCfg = Release|Any CPU
		{942D6821-8DC0-46E6-A429-CDC5C9D7CDB5}.SingleImage|Any CPU.Build.0 = Release|Any CPU
		{942D6821-8DC0-46E6-A429-CDC5C9D7CDB5}.SingleImage|Mixed Platforms.ActiveCfg = Release|x86
		{942D6821-8DC0-46E6-A429-CDC5C9D7CDB5}.SingleImage|Mixed Platforms.Build.0 = Release|x86
		{942D6821-8DC0-46E6-A429-CDC5C9D7CDB5}.SingleImage|x86.ActiveCfg = Release|x86
		{942D6821-8DC0-46E6-A429-CDC5C9D7CDB5}.SingleImage|x86.Build.0 = Release|x86
		{5633FB66-C87B-4969-A561-5DEFB300EECF}.CD_ROM|Any CPU.ActiveCfg = Release|Any CPU
		{5633FB66-C87B-4969-A561-5DEFB300EECF}.CD_ROM|Any CPU.Build.0 = Release|Any CPU
		{5633FB66-C87B-4969-A561-5DEFB300EECF}.CD_ROM|Mixed Platforms.ActiveCfg = Release|x86
		{5633FB66-C87B-4969-A561-5DEFB300EECF}.CD_ROM|Mixed Platforms.Build.0 = Release|x86
		{5633FB66-C87B-4969-A561-5DEFB300EECF}.CD_ROM|x86.ActiveCfg = Release|x86
		{5633FB66-C87B-4969-A561-5DEFB300EECF}.CD_ROM|x86.Build.0 = Release|x86
		{5633FB66-C87B-4969-A561-5DEFB300EECF}.Debug|Any CPU.ActiveCfg = Debug|Any CPU
		{5633FB66-C87B-4969-A561-5DEFB300EECF}.Debug|Any CPU.Build.0 = Debug|Any CPU
		{5633FB66-C87B-4969-A561-5DEFB300EECF}.Debug|Mixed Platforms.ActiveCfg = Debug|Any CPU
		{5633FB66-C87B-4969-A561-5DEFB300EECF}.Debug|Mixed Platforms.Build.0 = Debug|Any CPU
		{5633FB66-C87B-4969-A561-5DEFB300EECF}.Debug|x86.ActiveCfg = Debug|x86
		{5633FB66-C87B-4969-A561-5DEFB300EECF}.Debug|x86.Build.0 = Debug|x86
		{5633FB66-C87B-4969-A561-5DEFB300EECF}.DebugLocal|Any CPU.ActiveCfg = Debug|x86
		{5633FB66-C87B-4969-A561-5DEFB300EECF}.DebugLocal|Mixed Platforms.ActiveCfg = Debug|x86
		{5633FB66-C87B-4969-A561-5DEFB300EECF}.DebugLocal|Mixed Platforms.Build.0 = Debug|x86
		{5633FB66-C87B-4969-A561-5DEFB300EECF}.DebugLocal|x86.ActiveCfg = Debug|x86
		{5633FB66-C87B-4969-A561-5DEFB300EECF}.DebugLocal|x86.Build.0 = Debug|x86
		{5633FB66-C87B-4969-A561-5DEFB300EECF}.DVD-5|Any CPU.ActiveCfg = Debug|Any CPU
		{5633FB66-C87B-4969-A561-5DEFB300EECF}.DVD-5|Any CPU.Build.0 = Debug|Any CPU
		{5633FB66-C87B-4969-A561-5DEFB300EECF}.DVD-5|Mixed Platforms.ActiveCfg = Debug|x86
		{5633FB66-C87B-4969-A561-5DEFB300EECF}.DVD-5|Mixed Platforms.Build.0 = Debug|x86
		{5633FB66-C87B-4969-A561-5DEFB300EECF}.DVD-5|x86.ActiveCfg = Debug|x86
		{5633FB66-C87B-4969-A561-5DEFB300EECF}.DVD-5|x86.Build.0 = Debug|x86
		{5633FB66-C87B-4969-A561-5DEFB300EECF}.Release|Any CPU.ActiveCfg = Release|Any CPU
		{5633FB66-C87B-4969-A561-5DEFB300EECF}.Release|Any CPU.Build.0 = Release|Any CPU
		{5633FB66-C87B-4969-A561-5DEFB300EECF}.Release|Mixed Platforms.ActiveCfg = Release|x86
		{5633FB66-C87B-4969-A561-5DEFB300EECF}.Release|Mixed Platforms.Build.0 = Release|x86
		{5633FB66-C87B-4969-A561-5DEFB300EECF}.Release|x86.ActiveCfg = Release|x86
		{5633FB66-C87B-4969-A561-5DEFB300EECF}.Release|x86.Build.0 = Release|x86
		{5633FB66-C87B-4969-A561-5DEFB300EECF}.ReleaseTrial|Any CPU.ActiveCfg = Release|Any CPU
		{5633FB66-C87B-4969-A561-5DEFB300EECF}.ReleaseTrial|Any CPU.Build.0 = Release|Any CPU
		{5633FB66-C87B-4969-A561-5DEFB300EECF}.ReleaseTrial|Mixed Platforms.ActiveCfg = Release|x86
		{5633FB66-C87B-4969-A561-5DEFB300EECF}.ReleaseTrial|Mixed Platforms.Build.0 = Release|x86
		{5633FB66-C87B-4969-A561-5DEFB300EECF}.ReleaseTrial|x86.ActiveCfg = Release|Any CPU
		{5633FB66-C87B-4969-A561-5DEFB300EECF}.ReleaseTrial|x86.Build.0 = Release|Any CPU
		{5633FB66-C87B-4969-A561-5DEFB300EECF}.SingleImage|Any CPU.ActiveCfg = Release|Any CPU
		{5633FB66-C87B-4969-A561-5DEFB300EECF}.SingleImage|Any CPU.Build.0 = Release|Any CPU
		{5633FB66-C87B-4969-A561-5DEFB300EECF}.SingleImage|Mixed Platforms.ActiveCfg = Release|x86
		{5633FB66-C87B-4969-A561-5DEFB300EECF}.SingleImage|Mixed Platforms.Build.0 = Release|x86
		{5633FB66-C87B-4969-A561-5DEFB300EECF}.SingleImage|x86.ActiveCfg = Release|x86
		{5633FB66-C87B-4969-A561-5DEFB300EECF}.SingleImage|x86.Build.0 = Release|x86
		{7627D20C-C35B-40FA-AC29-881A1E30AC59}.CD_ROM|Any CPU.ActiveCfg = Release|Any CPU
		{7627D20C-C35B-40FA-AC29-881A1E30AC59}.CD_ROM|Any CPU.Build.0 = Release|Any CPU
		{7627D20C-C35B-40FA-AC29-881A1E30AC59}.CD_ROM|Mixed Platforms.ActiveCfg = Release|Any CPU
		{7627D20C-C35B-40FA-AC29-881A1E30AC59}.CD_ROM|Mixed Platforms.Build.0 = Release|Any CPU
		{7627D20C-C35B-40FA-AC29-881A1E30AC59}.CD_ROM|x86.ActiveCfg = Release|Any CPU
		{7627D20C-C35B-40FA-AC29-881A1E30AC59}.Debug|Any CPU.ActiveCfg = Debug|Any CPU
		{7627D20C-C35B-40FA-AC29-881A1E30AC59}.Debug|Any CPU.Build.0 = Debug|Any CPU
		{7627D20C-C35B-40FA-AC29-881A1E30AC59}.Debug|Mixed Platforms.ActiveCfg = Debug|Any CPU
		{7627D20C-C35B-40FA-AC29-881A1E30AC59}.Debug|Mixed Platforms.Build.0 = Debug|Any CPU
		{7627D20C-C35B-40FA-AC29-881A1E30AC59}.Debug|x86.ActiveCfg = Debug|Any CPU
		{7627D20C-C35B-40FA-AC29-881A1E30AC59}.DebugLocal|Any CPU.ActiveCfg = Debug|Any CPU
		{7627D20C-C35B-40FA-AC29-881A1E30AC59}.DebugLocal|Any CPU.Build.0 = Debug|Any CPU
		{7627D20C-C35B-40FA-AC29-881A1E30AC59}.DebugLocal|Mixed Platforms.ActiveCfg = Debug|Any CPU
		{7627D20C-C35B-40FA-AC29-881A1E30AC59}.DebugLocal|Mixed Platforms.Build.0 = Debug|Any CPU
		{7627D20C-C35B-40FA-AC29-881A1E30AC59}.DebugLocal|x86.ActiveCfg = Debug|Any CPU
		{7627D20C-C35B-40FA-AC29-881A1E30AC59}.DVD-5|Any CPU.ActiveCfg = Debug|Any CPU
		{7627D20C-C35B-40FA-AC29-881A1E30AC59}.DVD-5|Any CPU.Build.0 = Debug|Any CPU
		{7627D20C-C35B-40FA-AC29-881A1E30AC59}.DVD-5|Mixed Platforms.ActiveCfg = Debug|Any CPU
		{7627D20C-C35B-40FA-AC29-881A1E30AC59}.DVD-5|Mixed Platforms.Build.0 = Debug|Any CPU
		{7627D20C-C35B-40FA-AC29-881A1E30AC59}.DVD-5|x86.ActiveCfg = Debug|Any CPU
		{7627D20C-C35B-40FA-AC29-881A1E30AC59}.Release|Any CPU.ActiveCfg = Release|Any CPU
		{7627D20C-C35B-40FA-AC29-881A1E30AC59}.Release|Any CPU.Build.0 = Release|Any CPU
		{7627D20C-C35B-40FA-AC29-881A1E30AC59}.Release|Mixed Platforms.ActiveCfg = Release|Any CPU
		{7627D20C-C35B-40FA-AC29-881A1E30AC59}.Release|Mixed Platforms.Build.0 = Release|Any CPU
		{7627D20C-C35B-40FA-AC29-881A1E30AC59}.Release|x86.ActiveCfg = Release|Any CPU
		{7627D20C-C35B-40FA-AC29-881A1E30AC59}.ReleaseTrial|Any CPU.ActiveCfg = Release|Any CPU
		{7627D20C-C35B-40FA-AC29-881A1E30AC59}.ReleaseTrial|Any CPU.Build.0 = Release|Any CPU
		{7627D20C-C35B-40FA-AC29-881A1E30AC59}.ReleaseTrial|Mixed Platforms.ActiveCfg = Release|Any CPU
		{7627D20C-C35B-40FA-AC29-881A1E30AC59}.ReleaseTrial|Mixed Platforms.Build.0 = Release|Any CPU
		{7627D20C-C35B-40FA-AC29-881A1E30AC59}.ReleaseTrial|x86.ActiveCfg = Release|Any CPU
		{7627D20C-C35B-40FA-AC29-881A1E30AC59}.SingleImage|Any CPU.ActiveCfg = Release|Any CPU
		{7627D20C-C35B-40FA-AC29-881A1E30AC59}.SingleImage|Any CPU.Build.0 = Release|Any CPU
		{7627D20C-C35B-40FA-AC29-881A1E30AC59}.SingleImage|Mixed Platforms.ActiveCfg = Release|Any CPU
		{7627D20C-C35B-40FA-AC29-881A1E30AC59}.SingleImage|Mixed Platforms.Build.0 = Release|Any CPU
		{7627D20C-C35B-40FA-AC29-881A1E30AC59}.SingleImage|x86.ActiveCfg = Release|Any CPU
		{71C17A6A-2CED-4D4E-A296-745741A74B63}.CD_ROM|Any CPU.ActiveCfg = Release|Any CPU
		{71C17A6A-2CED-4D4E-A296-745741A74B63}.CD_ROM|Any CPU.Build.0 = Release|Any CPU
		{71C17A6A-2CED-4D4E-A296-745741A74B63}.CD_ROM|Mixed Platforms.ActiveCfg = Release|Any CPU
		{71C17A6A-2CED-4D4E-A296-745741A74B63}.CD_ROM|Mixed Platforms.Build.0 = Release|Any CPU
		{71C17A6A-2CED-4D4E-A296-745741A74B63}.CD_ROM|x86.ActiveCfg = Release|Any CPU
		{71C17A6A-2CED-4D4E-A296-745741A74B63}.Debug|Any CPU.ActiveCfg = Debug|Any CPU
		{71C17A6A-2CED-4D4E-A296-745741A74B63}.Debug|Any CPU.Build.0 = Debug|Any CPU
		{71C17A6A-2CED-4D4E-A296-745741A74B63}.Debug|Mixed Platforms.ActiveCfg = Debug|Any CPU
		{71C17A6A-2CED-4D4E-A296-745741A74B63}.Debug|Mixed Platforms.Build.0 = Debug|Any CPU
		{71C17A6A-2CED-4D4E-A296-745741A74B63}.Debug|x86.ActiveCfg = Debug|Any CPU
		{71C17A6A-2CED-4D4E-A296-745741A74B63}.DebugLocal|Any CPU.ActiveCfg = Debug|Any CPU
		{71C17A6A-2CED-4D4E-A296-745741A74B63}.DebugLocal|Any CPU.Build.0 = Debug|Any CPU
		{71C17A6A-2CED-4D4E-A296-745741A74B63}.DebugLocal|Mixed Platforms.ActiveCfg = Debug|Any CPU
		{71C17A6A-2CED-4D4E-A296-745741A74B63}.DebugLocal|Mixed Platforms.Build.0 = Debug|Any CPU
		{71C17A6A-2CED-4D4E-A296-745741A74B63}.DebugLocal|x86.ActiveCfg = Debug|Any CPU
		{71C17A6A-2CED-4D4E-A296-745741A74B63}.DVD-5|Any CPU.ActiveCfg = Debug|Any CPU
		{71C17A6A-2CED-4D4E-A296-745741A74B63}.DVD-5|Any CPU.Build.0 = Debug|Any CPU
		{71C17A6A-2CED-4D4E-A296-745741A74B63}.DVD-5|Mixed Platforms.ActiveCfg = Debug|Any CPU
		{71C17A6A-2CED-4D4E-A296-745741A74B63}.DVD-5|Mixed Platforms.Build.0 = Debug|Any CPU
		{71C17A6A-2CED-4D4E-A296-745741A74B63}.DVD-5|x86.ActiveCfg = Debug|Any CPU
		{71C17A6A-2CED-4D4E-A296-745741A74B63}.Release|Any CPU.ActiveCfg = Release|Any CPU
		{71C17A6A-2CED-4D4E-A296-745741A74B63}.Release|Any CPU.Build.0 = Release|Any CPU
		{71C17A6A-2CED-4D4E-A296-745741A74B63}.Release|Mixed Platforms.ActiveCfg = Release|Any CPU
		{71C17A6A-2CED-4D4E-A296-745741A74B63}.Release|Mixed Platforms.Build.0 = Release|Any CPU
		{71C17A6A-2CED-4D4E-A296-745741A74B63}.Release|x86.ActiveCfg = Release|Any CPU
		{71C17A6A-2CED-4D4E-A296-745741A74B63}.ReleaseTrial|Any CPU.ActiveCfg = Release|Any CPU
		{71C17A6A-2CED-4D4E-A296-745741A74B63}.ReleaseTrial|Any CPU.Build.0 = Release|Any CPU
		{71C17A6A-2CED-4D4E-A296-745741A74B63}.ReleaseTrial|Mixed Platforms.ActiveCfg = Release|Any CPU
		{71C17A6A-2CED-4D4E-A296-745741A74B63}.ReleaseTrial|Mixed Platforms.Build.0 = Release|Any CPU
		{71C17A6A-2CED-4D4E-A296-745741A74B63}.ReleaseTrial|x86.ActiveCfg = Release|Any CPU
		{71C17A6A-2CED-4D4E-A296-745741A74B63}.SingleImage|Any CPU.ActiveCfg = Release|Any CPU
		{71C17A6A-2CED-4D4E-A296-745741A74B63}.SingleImage|Any CPU.Build.0 = Release|Any CPU
		{71C17A6A-2CED-4D4E-A296-745741A74B63}.SingleImage|Mixed Platforms.ActiveCfg = Release|Any CPU
		{71C17A6A-2CED-4D4E-A296-745741A74B63}.SingleImage|Mixed Platforms.Build.0 = Release|Any CPU
		{71C17A6A-2CED-4D4E-A296-745741A74B63}.SingleImage|x86.ActiveCfg = Release|Any CPU
		{B0B9A881-CC6A-4EA6-AAA5-E9CA383E754D}.CD_ROM|Any CPU.ActiveCfg = Release|Any CPU
		{B0B9A881-CC6A-4EA6-AAA5-E9CA383E754D}.CD_ROM|Any CPU.Build.0 = Release|Any CPU
		{B0B9A881-CC6A-4EA6-AAA5-E9CA383E754D}.CD_ROM|Mixed Platforms.ActiveCfg = Release|Any CPU
		{B0B9A881-CC6A-4EA6-AAA5-E9CA383E754D}.CD_ROM|Mixed Platforms.Build.0 = Release|Any CPU
		{B0B9A881-CC6A-4EA6-AAA5-E9CA383E754D}.CD_ROM|x86.ActiveCfg = Release|Any CPU
		{B0B9A881-CC6A-4EA6-AAA5-E9CA383E754D}.Debug|Any CPU.ActiveCfg = Debug|Any CPU
		{B0B9A881-CC6A-4EA6-AAA5-E9CA383E754D}.Debug|Any CPU.Build.0 = Debug|Any CPU
		{B0B9A881-CC6A-4EA6-AAA5-E9CA383E754D}.Debug|Mixed Platforms.ActiveCfg = Debug|Any CPU
		{B0B9A881-CC6A-4EA6-AAA5-E9CA383E754D}.Debug|Mixed Platforms.Build.0 = Debug|Any CPU
		{B0B9A881-CC6A-4EA6-AAA5-E9CA383E754D}.Debug|x86.ActiveCfg = Debug|Any CPU
		{B0B9A881-CC6A-4EA6-AAA5-E9CA383E754D}.DebugLocal|Any CPU.ActiveCfg = Debug|Any CPU
		{B0B9A881-CC6A-4EA6-AAA5-E9CA383E754D}.DebugLocal|Any CPU.Build.0 = Debug|Any CPU
		{B0B9A881-CC6A-4EA6-AAA5-E9CA383E754D}.DebugLocal|Mixed Platforms.ActiveCfg = Debug|Any CPU
		{B0B9A881-CC6A-4EA6-AAA5-E9CA383E754D}.DebugLocal|Mixed Platforms.Build.0 = Debug|Any CPU
		{B0B9A881-CC6A-4EA6-AAA5-E9CA383E754D}.DebugLocal|x86.ActiveCfg = Debug|Any CPU
		{B0B9A881-CC6A-4EA6-AAA5-E9CA383E754D}.DVD-5|Any CPU.ActiveCfg = Debug|Any CPU
		{B0B9A881-CC6A-4EA6-AAA5-E9CA383E754D}.DVD-5|Any CPU.Build.0 = Debug|Any CPU
		{B0B9A881-CC6A-4EA6-AAA5-E9CA383E754D}.DVD-5|Mixed Platforms.ActiveCfg = Debug|Any CPU
		{B0B9A881-CC6A-4EA6-AAA5-E9CA383E754D}.DVD-5|Mixed Platforms.Build.0 = Debug|Any CPU
		{B0B9A881-CC6A-4EA6-AAA5-E9CA383E754D}.DVD-5|x86.ActiveCfg = Debug|Any CPU
		{B0B9A881-CC6A-4EA6-AAA5-E9CA383E754D}.Release|Any CPU.ActiveCfg = Release|Any CPU
		{B0B9A881-CC6A-4EA6-AAA5-E9CA383E754D}.Release|Any CPU.Build.0 = Release|Any CPU
		{B0B9A881-CC6A-4EA6-AAA5-E9CA383E754D}.Release|Mixed Platforms.ActiveCfg = Release|Any CPU
		{B0B9A881-CC6A-4EA6-AAA5-E9CA383E754D}.Release|Mixed Platforms.Build.0 = Release|Any CPU
		{B0B9A881-CC6A-4EA6-AAA5-E9CA383E754D}.Release|x86.ActiveCfg = Release|Any CPU
		{B0B9A881-CC6A-4EA6-AAA5-E9CA383E754D}.ReleaseTrial|Any CPU.ActiveCfg = Release|Any CPU
		{B0B9A881-CC6A-4EA6-AAA5-E9CA383E754D}.ReleaseTrial|Any CPU.Build.0 = Release|Any CPU
		{B0B9A881-CC6A-4EA6-AAA5-E9CA383E754D}.ReleaseTrial|Mixed Platforms.ActiveCfg = Release|Any CPU
		{B0B9A881-CC6A-4EA6-AAA5-E9CA383E754D}.ReleaseTrial|Mixed Platforms.Build.0 = Release|Any CPU
		{B0B9A881-CC6A-4EA6-AAA5-E9CA383E754D}.ReleaseTrial|x86.ActiveCfg = Release|Any CPU
		{B0B9A881-CC6A-4EA6-AAA5-E9CA383E754D}.SingleImage|Any CPU.ActiveCfg = Release|Any CPU
		{B0B9A881-CC6A-4EA6-AAA5-E9CA383E754D}.SingleImage|Any CPU.Build.0 = Release|Any CPU
		{B0B9A881-CC6A-4EA6-AAA5-E9CA383E754D}.SingleImage|Mixed Platforms.ActiveCfg = Release|Any CPU
		{B0B9A881-CC6A-4EA6-AAA5-E9CA383E754D}.SingleImage|Mixed Platforms.Build.0 = Release|Any CPU
		{B0B9A881-CC6A-4EA6-AAA5-E9CA383E754D}.SingleImage|x86.ActiveCfg = Release|Any CPU
		{1B0D79D2-FF83-4C93-B677-E81F1F6F1497}.CD_ROM|Any CPU.ActiveCfg = Release
		{1B0D79D2-FF83-4C93-B677-E81F1F6F1497}.CD_ROM|Any CPU.Build.0 = Release
		{1B0D79D2-FF83-4C93-B677-E81F1F6F1497}.CD_ROM|Mixed Platforms.ActiveCfg = Release
		{1B0D79D2-FF83-4C93-B677-E81F1F6F1497}.CD_ROM|Mixed Platforms.Build.0 = Release
		{1B0D79D2-FF83-4C93-B677-E81F1F6F1497}.CD_ROM|x86.ActiveCfg = Release
		{1B0D79D2-FF83-4C93-B677-E81F1F6F1497}.CD_ROM|x86.Build.0 = Release
		{1B0D79D2-FF83-4C93-B677-E81F1F6F1497}.Debug|Any CPU.ActiveCfg = Debug
		{1B0D79D2-FF83-4C93-B677-E81F1F6F1497}.Debug|Any CPU.Build.0 = Debug
		{1B0D79D2-FF83-4C93-B677-E81F1F6F1497}.Debug|Mixed Platforms.ActiveCfg = Debug
		{1B0D79D2-FF83-4C93-B677-E81F1F6F1497}.Debug|Mixed Platforms.Build.0 = Debug
		{1B0D79D2-FF83-4C93-B677-E81F1F6F1497}.Debug|x86.ActiveCfg = Debug
		{1B0D79D2-FF83-4C93-B677-E81F1F6F1497}.Debug|x86.Build.0 = Debug
		{1B0D79D2-FF83-4C93-B677-E81F1F6F1497}.DebugLocal|Any CPU.ActiveCfg = Debug
		{1B0D79D2-FF83-4C93-B677-E81F1F6F1497}.DebugLocal|Any CPU.Build.0 = Debug
		{1B0D79D2-FF83-4C93-B677-E81F1F6F1497}.DebugLocal|Mixed Platforms.ActiveCfg = Debug
		{1B0D79D2-FF83-4C93-B677-E81F1F6F1497}.DebugLocal|Mixed Platforms.Build.0 = Debug
		{1B0D79D2-FF83-4C93-B677-E81F1F6F1497}.DebugLocal|x86.ActiveCfg = Debug
		{1B0D79D2-FF83-4C93-B677-E81F1F6F1497}.DebugLocal|x86.Build.0 = Debug
		{1B0D79D2-FF83-4C93-B677-E81F1F6F1497}.DVD-5|Any CPU.ActiveCfg = Debug
		{1B0D79D2-FF83-4C93-B677-E81F1F6F1497}.DVD-5|Any CPU.Build.0 = Debug
		{1B0D79D2-FF83-4C93-B677-E81F1F6F1497}.DVD-5|Mixed Platforms.ActiveCfg = Debug
		{1B0D79D2-FF83-4C93-B677-E81F1F6F1497}.DVD-5|Mixed Platforms.Build.0 = Debug
		{1B0D79D2-FF83-4C93-B677-E81F1F6F1497}.DVD-5|x86.ActiveCfg = Debug
		{1B0D79D2-FF83-4C93-B677-E81F1F6F1497}.DVD-5|x86.Build.0 = Debug
		{1B0D79D2-FF83-4C93-B677-E81F1F6F1497}.Release|Any CPU.ActiveCfg = Release
		{1B0D79D2-FF83-4C93-B677-E81F1F6F1497}.Release|Any CPU.Build.0 = Release
		{1B0D79D2-FF83-4C93-B677-E81F1F6F1497}.Release|Mixed Platforms.ActiveCfg = Release
		{1B0D79D2-FF83-4C93-B677-E81F1F6F1497}.Release|Mixed Platforms.Build.0 = Release
		{1B0D79D2-FF83-4C93-B677-E81F1F6F1497}.Release|x86.ActiveCfg = Release
		{1B0D79D2-FF83-4C93-B677-E81F1F6F1497}.Release|x86.Build.0 = Release
		{1B0D79D2-FF83-4C93-B677-E81F1F6F1497}.ReleaseTrial|Any CPU.ActiveCfg = Release
		{1B0D79D2-FF83-4C93-B677-E81F1F6F1497}.ReleaseTrial|Any CPU.Build.0 = Release
		{1B0D79D2-FF83-4C93-B677-E81F1F6F1497}.ReleaseTrial|Mixed Platforms.ActiveCfg = Release
		{1B0D79D2-FF83-4C93-B677-E81F1F6F1497}.ReleaseTrial|Mixed Platforms.Build.0 = Release
		{1B0D79D2-FF83-4C93-B677-E81F1F6F1497}.ReleaseTrial|x86.ActiveCfg = Release
		{1B0D79D2-FF83-4C93-B677-E81F1F6F1497}.ReleaseTrial|x86.Build.0 = Release
		{1B0D79D2-FF83-4C93-B677-E81F1F6F1497}.SingleImage|Any CPU.ActiveCfg = Release
		{1B0D79D2-FF83-4C93-B677-E81F1F6F1497}.SingleImage|Any CPU.Build.0 = Release
		{1B0D79D2-FF83-4C93-B677-E81F1F6F1497}.SingleImage|Mixed Platforms.ActiveCfg = Release
		{1B0D79D2-FF83-4C93-B677-E81F1F6F1497}.SingleImage|Mixed Platforms.Build.0 = Release
		{1B0D79D2-FF83-4C93-B677-E81F1F6F1497}.SingleImage|x86.ActiveCfg = Release
		{1B0D79D2-FF83-4C93-B677-E81F1F6F1497}.SingleImage|x86.Build.0 = Release
	EndGlobalSection
	GlobalSection(SolutionProperties) = preSolution
		HideSolutionNode = FALSE
	EndGlobalSection
	GlobalSection(ExtensibilityGlobals) = postSolution
		VisualSVNWorkingCopyRoot = .
	EndGlobalSection
EndGlobal
